
Microsoft Visual Studio Solution File, Format Version 12.00
# Visual Studio Version 17
VisualStudioVersion = 17.13.35818.85 d17.13
MinimumVisualStudioVersion = 10.0.40219.1
Project("{FAE04EC0-301F-11D3-BF4B-00C04F79EFBC}") = "ToDoList", "ToDoList.csproj", "{033746F0-FDD8-4525-84EC-E896E0D8F4EB}"
EndProject
Global
	GlobalSection(SolutionConfigurationPlatforms) = preSolution
		Debug|Any CPU = Debug|Any CPU
		Release|Any CPU = Release|Any CPU
	EndGlobalSection
	GlobalSection(ProjectConfigurationPlatforms) = postSolution
		{033746F0-FDD8-4525-84EC-E896E0D8F4EB}.Debug|Any CPU.ActiveCfg = Debug|Any CPU
		{033746F0-FDD8-4525-84EC-E896E0D8F4EB}.Debug|Any CPU.Build.0 = Debug|Any CPU
		{033746F0-FDD8-4525-84EC-E896E0D8F4EB}.Release|Any CPU.ActiveCfg = Release|Any CPU
		{033746F0-FDD8-4525-84EC-E896E0D8F4EB}.Release|Any CPU.Build.0 = Release|Any CPU
	EndGlobalSection
	GlobalSection(SolutionProperties) = preSolution
		HideSolutionNode = FALSE
	EndGlobalSection
	GlobalSection(ExtensibilityGlobals) = postSolution
		SolutionGuid = {4B6002EB-A3DD-47A6-9CD7-42B25B9607D7}
	EndGlobalSection
EndGlobal
